
Microsoft Visual Studio Solution File, Format Version 12.00
# Visual Studio 2012
Project("{FAE04EC0-301F-11D3-BF4B-00C04F79EFBC}") = "NuGetXBuild.Tests", "NuGetXBuild.Tests\NuGetXBuild.Tests.csproj", "{7D873A37-8FCA-4A5C-B007-EAF0A32047AA}"
EndProject
Global
	GlobalSection(SolutionConfigurationPlatforms) = preSolution
		Debug|Any CPU = Debug|Any CPU
		Release|Any CPU = Release|Any CPU
	EndGlobalSection
	GlobalSection(ProjectConfigurationPlatforms) = postSolution
		{7D873A37-8FCA-4A5C-B007-EAF0A32047AA}.Debug|Any CPU.ActiveCfg = Debug|Any CPU
		{7D873A37-8FCA-4A5C-B007-EAF0A32047AA}.Debug|Any CPU.Build.0 = Debug|Any CPU
		{7D873A37-8FCA-4A5C-B007-EAF0A32047AA}.Release|Any CPU.ActiveCfg = Release|Any CPU
		{7D873A37-8FCA-4A5C-B007-EAF0A32047AA}.Release|Any CPU.Build.0 = Release|Any CPU
	EndGlobalSection
	GlobalSection(MonoDevelopProperties) = preSolution
		StartupItem = NuGetXBuild.Tests.csproj
	EndGlobalSection
EndGlobal
